
Microsoft Visual Studio Solution File, Format Version 12.00
# Visual Studio Version 17
VisualStudioVersion = 17.5.002.0
MinimumVisualStudioVersion = 10.0.40219.1
Project("{9A19103F-16F7-4668-BE54-9A1E7A4F7556}") = "MoviesPWA", "MoviesPWA.csproj", "{EF1DFD46-BFAE-4F8E-B749-51D43EF1DC39}"
EndProject
Global
	GlobalSection(SolutionConfigurationPlatforms) = preSolution
		Debug|Any CPU = Debug|Any CPU
		Release|Any CPU = Release|Any CPU
	EndGlobalSection
	GlobalSection(ProjectConfigurationPlatforms) = postSolution
		{EF1DFD46-BFAE-4F8E-B749-51D43EF1DC39}.Debug|Any CPU.ActiveCfg = Debug|Any CPU
		{EF1DFD46-BFAE-4F8E-B749-51D43EF1DC39}.Debug|Any CPU.Build.0 = Debug|Any CPU
		{EF1DFD46-BFAE-4F8E-B749-51D43EF1DC39}.Release|Any CPU.ActiveCfg = Release|Any CPU
		{EF1DFD46-BFAE-4F8E-B749-51D43EF1DC39}.Release|Any CPU.Build.0 = Release|Any CPU
	EndGlobalSection
	GlobalSection(SolutionProperties) = preSolution
		HideSolutionNode = FALSE
	EndGlobalSection
	GlobalSection(ExtensibilityGlobals) = postSolution
		SolutionGuid = {403F74D8-20DD-427B-9083-E9BCFAA8BB69}
	EndGlobalSection
EndGlobal
